
Microsoft Visual Studio Solution File, Format Version 12.00
# Visual Studio Version 17
VisualStudioVersion = 17.5.33627.172
MinimumVisualStudioVersion = 10.0.40219.1
Project("{9A19103F-16F7-4668-BE54-9A1E7A4F7556}") = "web_app", "web_app.csproj", "{53F374E3-6AE1-4C47-9090-3992A02C0EFB}"
EndProject
Global
	GlobalSection(SolutionConfigurationPlatforms) = preSolution
		Debug|Any CPU = Debug|Any CPU
		Release|Any CPU = Release|Any CPU
	EndGlobalSection
	GlobalSection(ProjectConfigurationPlatforms) = postSolution
		{53F374E3-6AE1-4C47-9090-3992A02C0EFB}.Debug|Any CPU.ActiveCfg = Debug|Any CPU
		{53F374E3-6AE1-4C47-9090-3992A02C0EFB}.Debug|Any CPU.Build.0 = Debug|Any CPU
		{53F374E3-6AE1-4C47-9090-3992A02C0EFB}.Release|Any CPU.ActiveCfg = Release|Any CPU
		{53F374E3-6AE1-4C47-9090-3992A02C0EFB}.Release|Any CPU.Build.0 = Release|Any CPU
	EndGlobalSection
	GlobalSection(SolutionProperties) = preSolution
		HideSolutionNode = FALSE
	EndGlobalSection
	GlobalSection(ExtensibilityGlobals) = postSolution
		SolutionGuid = {2E4E7D02-942B-4D75-BEDC-212206E37CC6}
	EndGlobalSection
EndGlobal
